// !$*UTF8*$!
{
	archiveVersion = 1;
	classes = {
	};
	objectVersion = 46;
	objects = {

/* Begin PBXBuildFile section */
		277891A11BFB82F100187B6B /* AppDelegate.swift in Sources */ = {isa = PBXBuildFile; fileRef = 277891A01BFB82F100187B6B /* AppDelegate.swift */; };
		277891A31BFB82F100187B6B /* ViewController.swift in Sources */ = {isa = PBXBuildFile; fileRef = 277891A21BFB82F100187B6B /* ViewController.swift */; };
		277891A61BFB82F100187B6B /* Main.storyboard in Resources */ = {isa = PBXBuildFile; fileRef = 277891A41BFB82F100187B6B /* Main.storyboard */; };
		277891A81BFB82F100187B6B /* Assets.xcassets in Resources */ = {isa = PBXBuildFile; fileRef = 277891A71BFB82F100187B6B /* Assets.xcassets */; };
		277891AB1BFB82F100187B6B /* LaunchScreen.storyboard in Resources */ = {isa = PBXBuildFile; fileRef = 277891A91BFB82F100187B6B /* LaunchScreen.storyboard */; };
		277891B31BFB83C800187B6B /* KSFocusViewLayout.swift in Sources */ = {isa = PBXBuildFile; fileRef = 277891B21BFB83C800187B6B /* KSFocusViewLayout.swift */; };
		27B550BC1BFF819300075736 /* KSCollectionViewCell.swift in Sources */ = {isa = PBXBuildFile; fileRef = 27B550BA1BFF819300075736 /* KSCollectionViewCell.swift */; };
		27B550BD1BFF819300075736 /* KSCollectionViewCell.xib in Resources */ = {isa = PBXBuildFile; fileRef = 27B550BB1BFF819300075736 /* KSCollectionViewCell.xib */; };
		27B550BF1BFF90C200075736 /* image-1.jpg in Resources */ = {isa = PBXBuildFile; fileRef = 27B550BE1BFF90C200075736 /* image-1.jpg */; };
		27B550C11BFF90CD00075736 /* image-2.jpg in Resources */ = {isa = PBXBuildFile; fileRef = 27B550C01BFF90CD00075736 /* image-2.jpg */; };
		27B550C31BFF90D600075736 /* image-0.jpg in Resources */ = {isa = PBXBuildFile; fileRef = 27B550C21BFF90D600075736 /* image-0.jpg */; };
/* End PBXBuildFile section */

/* Begin PBXFileReference section */
		2778919D1BFB82F100187B6B /* KSFocusViewLayout.app */ = {isa = PBXFileReference; explicitFileType = wrapper.application; includeInIndex = 0; path = KSFocusViewLayout.app; sourceTree = BUILT_PRODUCTS_DIR; };
		277891A01BFB82F100187B6B /* AppDelegate.swift */ = {isa = PBXFileReference; lastKnownFileType = sourcecode.swift; path = AppDelegate.swift; sourceTree = "<group>"; };
		277891A21BFB82F100187B6B /* ViewController.swift */ = {isa = PBXFileReference; lastKnownFileType = sourcecode.swift; path = ViewController.swift; sourceTree = "<group>"; };
		277891A51BFB82F100187B6B /* Base */ = {isa = PBXFileReference; lastKnownFileType = file.storyboard; name = Base; path = Base.lproj/Main.storyboard; sourceTree = "<group>"; };
		277891A71BFB82F100187B6B /* Assets.xcassets */ = {isa = PBXFileReference; lastKnownFileType = folder.assetcatalog; path = Assets.xcassets; sourceTree = "<group>"; };
		277891AA1BFB82F100187B6B /* Base */ = {isa = PBXFileReference; lastKnownFileType = file.storyboard; name = Base; path = Base.lproj/LaunchScreen.storyboard; sourceTree = "<group>"; };
		277891AC1BFB82F100187B6B /* Info.plist */ = {isa = PBXFileReference; lastKnownFileType = text.plist.xml; path = Info.plist; sourceTree = "<group>"; };
		277891B21BFB83C800187B6B /* KSFocusViewLayout.swift */ = {isa = PBXFileReference; fileEncoding = 4; lastKnownFileType = sourcecode.swift; path = KSFocusViewLayout.swift; sourceTree = "<group>"; };
		27B550BA1BFF819300075736 /* KSCollectionViewCell.swift */ = {isa = PBXFileReference; fileEncoding = 4; lastKnownFileType = sourcecode.swift; path = KSCollectionViewCell.swift; sourceTree = "<group>"; };
		27B550BB1BFF819300075736 /* KSCollectionViewCell.xib */ = {isa = PBXFileReference; fileEncoding = 4; lastKnownFileType = file.xib; path = KSCollectionViewCell.xib; sourceTree = "<group>"; };
		27B550BE1BFF90C200075736 /* image-1.jpg */ = {isa = PBXFileReference; lastKnownFileType = image.jpeg; path = "image-1.jpg"; sourceTree = "<group>"; };
		27B550C01BFF90CD00075736 /* image-2.jpg */ = {isa = PBXFileReference; lastKnownFileType = image.jpeg; path = "image-2.jpg"; sourceTree = "<group>"; };
		27B550C21BFF90D600075736 /* image-0.jpg */ = {isa = PBXFileReference; lastKnownFileType = image.jpeg; path = "image-0.jpg"; sourceTree = "<group>"; };
/* End PBXFileReference section */

/* Begin PBXFrameworksBuildPhase section */
		2778919A1BFB82F100187B6B /* Frameworks */ = {
			isa = PBXFrameworksBuildPhase;
			buildActionMask = 2147483647;
			files = (
			);
			runOnlyForDeploymentPostprocessing = 0;
		};
/* End PBXFrameworksBuildPhase section */

/* Begin PBXGroup section */
		277891941BFB82F100187B6B = {
			isa = PBXGroup;
			children = (
				2778919F1BFB82F100187B6B /* KSFocusViewLayout */,
				2778919E1BFB82F100187B6B /* Products */,
			);
			sourceTree = "<group>";
		};
		2778919E1BFB82F100187B6B /* Products */ = {
			isa = PBXGroup;
			children = (
				2778919D1BFB82F100187B6B /* KSFocusViewLayout.app */,
			);
			name = Products;
			sourceTree = "<group>";
		};
		2778919F1BFB82F100187B6B /* KSFocusViewLayout */ = {
			isa = PBXGroup;
			children = (
				27B550C21BFF90D600075736 /* image-0.jpg */,
				27B550BE1BFF90C200075736 /* image-1.jpg */,
				27B550C01BFF90CD00075736 /* image-2.jpg */,
				277891A01BFB82F100187B6B /* AppDelegate.swift */,
				277891A21BFB82F100187B6B /* ViewController.swift */,
				277891A41BFB82F100187B6B /* Main.storyboard */,
				277891A71BFB82F100187B6B /* Assets.xcassets */,
				277891A91BFB82F100187B6B /* LaunchScreen.storyboard */,
				277891AC1BFB82F100187B6B /* Info.plist */,
				277891B21BFB83C800187B6B /* KSFocusViewLayout.swift */,
				27B550BA1BFF819300075736 /* KSCollectionViewCell.swift */,
				27B550BB1BFF819300075736 /* KSCollectionViewCell.xib */,
			);
			path = KSFocusViewLayout;
			sourceTree = "<group>";
		};
/* End PBXGroup section */

/* Begin PBXNativeTarget section */
		2778919C1BFB82F100187B6B /* KSFocusViewLayout */ = {
			isa = PBXNativeTarget;
			buildConfigurationList = 277891AF1BFB82F100187B6B /* Build configuration list for PBXNativeTarget "KSFocusViewLayout" */;
			buildPhases = (
				277891991BFB82F100187B6B /* Sources */,
				2778919A1BFB82F100187B6B /* Frameworks */,
				2778919B1BFB82F100187B6B /* Resources */,
			);
			buildRules = (
			);
			dependencies = (
			);
			name = KSFocusViewLayout;
			productName = KSFocusViewLayout;
			productReference = 2778919D1BFB82F100187B6B /* KSFocusViewLayout.app */;
			productType = "com.apple.product-type.application";
		};
/* End PBXNativeTarget section */

/* Begin PBXProject section */
		277891951BFB82F100187B6B /* Project object */ = {
			isa = PBXProject;
			attributes = {
				LastSwiftUpdateCheck = 0710;
				LastUpgradeCheck = 0710;
				ORGANIZATIONNAME = "Kenichi Saito";
				TargetAttributes = {
					2778919C1BFB82F100187B6B = {
						CreatedOnToolsVersion = 7.1.1;
					};
				};
			};
			buildConfigurationList = 277891981BFB82F100187B6B /* Build configuration list for PBXProject "KSFocusViewLayout" */;
			compatibilityVersion = "Xcode 3.2";
			developmentRegion = English;
			hasScannedForEncodings = 0;
			knownRegions = (
				en,
				Base,
			);
			mainGroup = 277891941BFB82F100187B6B;
			productRefGroup = 2778919E1BFB82F100187B6B /* Products */;
			projectDirPath = "";
			projectRoot = "";
			targets = (
				2778919C1BFB82F100187B6B /* KSFocusViewLayout */,
			);
		};
/* End PBXProject section */

/* Begin PBXResourcesBuildPhase section */
		2778919B1BFB82F100187B6B /* Resources */ = {
			isa = PBXResourcesBuildPhase;
			buildActionMask = 2147483647;
			files = (
				277891AB1BFB82F100187B6B /* LaunchScreen.storyboard in Resources */,
				277891A81BFB82F100187B6B /* Assets.xcassets in Resources */,
				27B550C31BFF90D600075736 /* image-0.jpg in Resources */,
				27B550BD1BFF819300075736 /* KSCollectionViewCell.xib in Resources */,
				27B550C11BFF90CD00075736 /* image-2.jpg in Resources */,
				27B550BF1BFF90C200075736 /* image-1.jpg in Resources */,
				277891A61BFB82F100187B6B /* Main.storyboard in Resources */,
			);
			runOnlyForDeploymentPostprocessing = 0;
		};
/* End PBXResourcesBuildPhase section */

/* Begin PBXSourcesBuildPhase section */
		277891991BFB82F100187B6B /* Sources */ = {
			isa = PBXSourcesBuildPhase;
			buildActionMask = 2147483647;
			files = (
				277891A31BFB82F100187B6B /* ViewController.swift in Sources */,
				277891A11BFB82F100187B6B /* AppDelegate.swift in Sources */,
				27B550BC1BFF819300075736 /* KSCollectionViewCell.swift in Sources */,
				277891B31BFB83C800187B6B /* KSFocusViewLayout.swift in Sources */,
			);
			runOnlyForDeploymentPostprocessing = 0;
		};
/* End PBXSourcesBuildPhase section */

/* Begin PBXVariantGroup section */
		277891A41BFB82F100187B6B /* Main.storyboard */ = {
			isa = PBXVariantGroup;
			children = (
				277891A51BFB82F100187B6B /* Base */,
			);
			name = Main.storyboard;
			sourceTree = "<group>";
		};
		277891A91BFB82F100187B6B /* LaunchScreen.storyboard */ = {
			isa = PBXVariantGroup;
			children = (
				277891AA1BFB82F100187B6B /* Base */,
			);
			name = LaunchScreen.storyboard;
			sourceTree = "<group>";
		};
/* End PBXVariantGroup section */

/* Begin XCBuildConfiguration section */
		277891AD1BFB82F100187B6B /* Debug */ = {
			isa = XCBuildConfiguration;
			buildSettings = {
				ALWAYS_SEARCH_USER_PATHS = NO;
				CLANG_CXX_LANGUAGE_STANDARD = "gnu++0x";
				CLANG_CXX_LIBRARY = "libc++";
				CLANG_ENABLE_MODULES = YES;
				CLANG_ENABLE_OBJC_ARC = YES;
				CLANG_WARN_BOOL_CONVERSION = YES;
				CLANG_WARN_CONSTANT_CONVERSION = YES;
				CLANG_WARN_DIRECT_OBJC_ISA_USAGE = YES_ERROR;
				CLANG_WARN_EMPTY_BODY = YES;
				CLANG_WARN_ENUM_CONVERSION = YES;
				CLANG_WARN_INT_CONVERSION = YES;
				CLANG_WARN_OBJC_ROOT_CLASS = YES_ERROR;
				CLANG_WARN_UNREACHABLE_CODE = YES;
				CLANG_WARN__DUPLICATE_METHOD_MATCH = YES;
				"CODE_SIGN_IDENTITY[sdk=iphoneos*]" = "iPhone Developer";
				COPY_PHASE_STRIP = NO;
				DEBUG_INFORMATION_FORMAT = dwarf;
				ENABLE_STRICT_OBJC_MSGSEND = YES;
				ENABLE_TESTABILITY = YES;
				GCC_C_LANGUAGE_STANDARD = gnu99;
				GCC_DYNAMIC_NO_PIC = NO;
				GCC_NO_COMMON_BLOCKS = YES;
				GCC_OPTIMIZATION_LEVEL = 0;
				GCC_PREPROCESSOR_DEFINITIONS = (
					"DEBUG=1",
					"$(inherited)",
				);
				GCC_WARN_64_TO_32_BIT_CONVERSION = YES;
				GCC_WARN_ABOUT_RETURN_TYPE = YES_ERROR;
				GCC_WARN_UNDECLARED_SELECTOR = YES;
				GCC_WARN_UNINITIALIZED_AUTOS = YES_AGGRESSIVE;
				GCC_WARN_UNUSED_FUNCTION = YES;
				GCC_WARN_UNUSED_VARIABLE = YES;
				IPHONEOS_DEPLOYMENT_TARGET = 9.1;
				MTL_ENABLE_DEBUG_INFO = YES;
				ONLY_ACTIVE_ARCH = YES;
				SDKROOT = iphoneos;
				SWIFT_OPTIMIZATION_LEVEL = "-Onone";
				TARGETED_DEVICE_FAMILY = "1,2";
			};
			name = Debug;
		};
		277891AE1BFB82F100187B6B /* Release */ = {
			isa = XCBuildConfiguration;
			buildSettings = {
				ALWAYS_SEARCH_USER_PATHS = NO;
				CLANG_CXX_LANGUAGE_STANDARD = "gnu++0x";
				CLANG_CXX_LIBRARY = "libc++";
				CLANG_ENABLE_MODULES = YES;
				CLANG_ENABLE_OBJC_ARC = YES;
				CLANG_WARN_BOOL_CONVERSION = YES;
				CLANG_WARN_CONSTANT_CONVERSION = YES;
				CLANG_WARN_DIRECT_OBJC_ISA_USAGE = YES_ERROR;
				CLANG_WARN_EMPTY_BODY = YES;
				CLANG_WARN_ENUM_CONVERSION = YES;
				CLANG_WARN_INT_CONVERSION = YES;
				CLANG_WARN_OBJC_ROOT_CLASS = YES_ERROR;
				CLANG_WARN_UNREACHABLE_CODE = YES;
				CLANG_WARN__DUPLICATE_METHOD_MATCH = YES;
				"CODE_SIGN_IDENTITY[sdk=iphoneos*]" = "iPhone Developer";
				COPY_PHASE_STRIP = NO;
				DEBUG_INFORMATION_FORMAT = "dwarf-with-dsym";
				ENABLE_NS_ASSERTIONS = NO;
				ENABLE_STRICT_OBJC_MSGSEND = YES;
				GCC_C_LANGUAGE_STANDARD = gnu99;
				GCC_NO_COMMON_BLOCKS = YES;
				GCC_WARN_64_TO_32_BIT_CONVERSION = YES;
				GCC_WARN_ABOUT_RETURN_TYPE = YES_ERROR;
				GCC_WARN_UNDECLARED_SELECTOR = YES;
				GCC_WARN_UNINITIALIZED_AUTOS = YES_AGGRESSIVE;
				GCC_WARN_UNUSED_FUNCTION = YES;
				GCC_WARN_UNUSED_VARIABLE = YES;
				IPHONEOS_DEPLOYMENT_TARGET = 9.1;
				MTL_ENABLE_DEBUG_INFO = NO;
				SDKROOT = iphoneos;
				TARGETED_DEVICE_FAMILY = "1,2";
				VALIDATE_PRODUCT = YES;
			};
			name = Release;
		};
		277891B01BFB82F100187B6B /* Debug */ = {
			isa = XCBuildConfiguration;
			buildSettings = {
				ASSETCATALOG_COMPILER_APPICON_NAME = AppIcon;
				INFOPLIST_FILE = KSFocusViewLayout/Info.plist;
				LD_RUNPATH_SEARCH_PATHS = "$(inherited) @executable_path/Frameworks";
				PRODUCT_BUNDLE_IDENTIFIER = com.knchst.KSFocusViewLayout;
				PRODUCT_NAME = "$(TARGET_NAME)";
			};
			name = Debug;
		};
		277891B11BFB82F100187B6B /* Release */ = {
			isa = XCBuildConfiguration;
			buildSettings = {
				ASSETCATALOG_COMPILER_APPICON_NAME = AppIcon;
				INFOPLIST_FILE = KSFocusViewLayout/Info.plist;
				LD_RUNPATH_SEARCH_PATHS = "$(inherited) @executable_path/Frameworks";
				PRODUCT_BUNDLE_IDENTIFIER = com.knchst.KSFocusViewLayout;
				PRODUCT_NAME = "$(TARGET_NAME)";
			};
			name = Release;
		};
/* End XCBuildConfiguration section */

/* Begin XCConfigurationList section */
		277891981BFB82F100187B6B /* Build configuration list for PBXProject "KSFocusViewLayout" */ = {
			isa = XCConfigurationList;
			buildConfigurations = (
				277891AD1BFB82F100187B6B /* Debug */,
				277891AE1BFB82F100187B6B /* Release */,
			);
			defaultConfigurationIsVisible = 0;
			defaultConfigurationName = Release;
		};
		277891AF1BFB82F100187B6B /* Build configuration list for PBXNativeTarget "KSFocusViewLayout" */ = {
			isa = XCConfigurationList;
			buildConfigurations = (
				277891B01BFB82F100187B6B /* Debug */,
				277891B11BFB82F100187B6B /* Release */,
			);
			defaultConfigurationIsVisible = 0;
			defaultConfigurationName = Release;
		};
/* End XCConfigurationList section */
	};
	rootObject = 277891951BFB82F100187B6B /* Project object */;
}
